
Microsoft Visual Studio Solution File, Format Version 12.00
# Visual Studio Version 16
VisualStudioVersion = 16.0.31613.86
MinimumVisualStudioVersion = 10.0.40219.1
Project("{FAE04EC0-301F-11D3-BF4B-00C04F79EFBC}") = "API21", "API21\API21.csproj", "{8A9BDB7C-12C4-4C5B-9C93-89E95BAE67FD}"
EndProject
Project("{FAE04EC0-301F-11D3-BF4B-00C04F79EFBC}") = "Entities", "Entities\Entities.csproj", "{FA2A752D-BDAA-432B-A2B5-D071F73C2A08}"
EndProject
Project("{FAE04EC0-301F-11D3-BF4B-00C04F79EFBC}") = "Contracts", "Contracts\Contracts.csproj", "{93A84091-A70E-45DE-9BC2-27AA590C82CC}"
EndProject
Project("{FAE04EC0-301F-11D3-BF4B-00C04F79EFBC}") = "LoggerServices", "LoggerServices\LoggerServices.csproj", "{0C33DDDA-75BE-4C6C-80A5-E4C4F31D9911}"
EndProject
Project("{FAE04EC0-301F-11D3-BF4B-00C04F79EFBC}") = "Repository", "Repository\Repository.csproj", "{CCC31A46-4049-4780-ADCC-C4C6EE62BA1B}"
EndProject
Global
	GlobalSection(SolutionConfigurationPlatforms) = preSolution
		Debug|Any CPU = Debug|Any CPU
		Release|Any CPU = Release|Any CPU
	EndGlobalSection
	GlobalSection(ProjectConfigurationPlatforms) = postSolution
		{8A9BDB7C-12C4-4C5B-9C93-89E95BAE67FD}.Debug|Any CPU.ActiveCfg = Debug|Any CPU
		{8A9BDB7C-12C4-4C5B-9C93-89E95BAE67FD}.Debug|Any CPU.Build.0 = Debug|Any CPU
		{8A9BDB7C-12C4-4C5B-9C93-89E95BAE67FD}.Release|Any CPU.ActiveCfg = Release|Any CPU
		{8A9BDB7C-12C4-4C5B-9C93-89E95BAE67FD}.Release|Any CPU.Build.0 = Release|Any CPU
		{FA2A752D-BDAA-432B-A2B5-D071F73C2A08}.Debug|Any CPU.ActiveCfg = Debug|Any CPU
		{FA2A752D-BDAA-432B-A2B5-D071F73C2A08}.Debug|Any CPU.Build.0 = Debug|Any CPU
		{FA2A752D-BDAA-432B-A2B5-D071F73C2A08}.Release|Any CPU.ActiveCfg = Release|Any CPU
		{FA2A752D-BDAA-432B-A2B5-D071F73C2A08}.Release|Any CPU.Build.0 = Release|Any CPU
		{93A84091-A70E-45DE-9BC2-27AA590C82CC}.Debug|Any CPU.ActiveCfg = Debug|Any CPU
		{93A84091-A70E-45DE-9BC2-27AA590C82CC}.Debug|Any CPU.Build.0 = Debug|Any CPU
		{93A84091-A70E-45DE-9BC2-27AA590C82CC}.Release|Any CPU.ActiveCfg = Release|Any CPU
		{93A84091-A70E-45DE-9BC2-27AA590C82CC}.Release|Any CPU.Build.0 = Release|Any CPU
		{0C33DDDA-75BE-4C6C-80A5-E4C4F31D9911}.Debug|Any CPU.ActiveCfg = Debug|Any CPU
		{0C33DDDA-75BE-4C6C-80A5-E4C4F31D9911}.Debug|Any CPU.Build.0 = Debug|Any CPU
		{0C33DDDA-75BE-4C6C-80A5-E4C4F31D9911}.Release|Any CPU.ActiveCfg = Release|Any CPU
		{0C33DDDA-75BE-4C6C-80A5-E4C4F31D9911}.Release|Any CPU.Build.0 = Release|Any CPU
		{CCC31A46-4049-4780-ADCC-C4C6EE62BA1B}.Debug|Any CPU.ActiveCfg = Debug|Any CPU
		{CCC31A46-4049-4780-ADCC-C4C6EE62BA1B}.Debug|Any CPU.Build.0 = Debug|Any CPU
		{CCC31A46-4049-4780-ADCC-C4C6EE62BA1B}.Release|Any CPU.ActiveCfg = Release|Any CPU
		{CCC31A46-4049-4780-ADCC-C4C6EE62BA1B}.Release|Any CPU.Build.0 = Release|Any CPU
	EndGlobalSection
	GlobalSection(SolutionProperties) = preSolution
		HideSolutionNode = FALSE
	EndGlobalSection
	GlobalSection(ExtensibilityGlobals) = postSolution
		SolutionGuid = {EAFAE69B-F60C-42E8-A225-880DA01A2031}
	EndGlobalSection
EndGlobal
